{
  "name": "wftnpkgi-3",
  "version": "0.0.0",
  "lockfileVersion": 1,
  "requires": true,
  "dependencies": {
    "@angular/core": {
      "version": "10.1.3",
      "resolved": "https://registry.npmjs.org/@angular/core/-/core-10.1.3.tgz",
      "integrity": "sha512-2rnNa8bSH1JoQRzUWXXvPGgxtNA6mSiIqDZs1tHdQZxJI15NbyAJhw6lglgBFahE/nOcUx+11ZhxaPJWSsbEOg==",
      "requires": {
        "tslib": "^2.0.0"
      }
    },
    "@dagonmetric/ng-log": {
      "version": "2.3.0",
      "resolved": "https://registry.npmjs.org/@dagonmetric/ng-log/-/ng-log-2.3.0.tgz",
      "integrity": "sha512-UvPqgVuwhWb9rfRbSNxy1UNEy894h2SE8O+KTrLnk1vd8prFkrfQ7bUOcXnU8b2HZIlKlnbcnNiei+wKD310dA==",
      "requires": {
        "tslib": "^2.0.0"
      }
    },
    "@dagonmetric/ng-log-facebook-analytics": {
      "version": "1.1.0",
      "resolved": "https://registry.npmjs.org/@dagonmetric/ng-log-facebook-analytics/-/ng-log-facebook-analytics-1.1.0.tgz",
      "integrity": "sha512-QR3mT3Rq7NUfLhCfkzBQo/j7CNf8YUPGDdUGDITWsMHRKwssHkXnH5zst/davtoBxZu++WPWGccytTyuR3pWcg==",
      "requires": {
        "tslib": "^2.0.0"
      }
    },
    "@dagonmetric/ng-log-firebase-analytics": {
      "version": "2.0.1",
      "resolved": "https://registry.npmjs.org/@dagonmetric/ng-log-firebase-analytics/-/ng-log-firebase-analytics-2.0.1.tgz",
      "integrity": "sha512-zosjIn9EYp/g6AjrAP2oelPWWhtHJATUeh9MOyQmpHykPE6bHWkFzGn7av957E14wmKlpgO5Nrd1ZqznPxczHg==",
      "requires": {
        "tslib": "^2.0.0"
      },
      "dependencies": {
        "tslib": {
          "version": "2.0.0",
          "resolved": "https://registry.npmjs.org/tslib/-/tslib-2.0.0.tgz",
          "integrity": "sha512-lTqkx847PI7xEDYJntxZH89L2/aXInsyF2luSafe/+0fHOMjlBNXdH6th7f70qxLDhul7KZK0zC8V5ZIyHl0/g=="
        }
      }
    },
    "@dagonmetric/ng-log-gtag": {
      "version": "2.3.0",
      "resolved": "https://registry.npmjs.org/@dagonmetric/ng-log-gtag/-/ng-log-gtag-2.3.0.tgz",
      "integrity": "sha512-fmKwNT/N67UJtn4Mj8uqOhmFXRDBTiESRTP0W1Im+wIFc3dF4LNFO70dSI+RRZhEPRtLkToUWve+JUOYX8U1gQ==",
      "requires": {
        "tslib": "^2.0.0"
      }
    },
    "@myanmartools/ng-zawgyi-detector": {
      "version": "1.2.3",
      "resolved": "https://registry.npmjs.org/@myanmartools/ng-zawgyi-detector/-/ng-zawgyi-detector-1.2.3.tgz",
      "integrity": "sha512-klI86T9LSDzAmfkLz7ERwBOPEP+4ZQMstdARaKyuNVJ4E5qrKQfRvEp4eXOAgaYuxik3GGt3NQaTI/whuMIT9w==",
      "requires": {
        "tslib": "^2.0.0"
      },
      "dependencies": {
        "tslib": {
          "version": "2.0.0",
          "resolved": "https://registry.npmjs.org/tslib/-/tslib-2.0.0.tgz",
          "integrity": "sha512-lTqkx847PI7xEDYJntxZH89L2/aXInsyF2luSafe/+0fHOMjlBNXdH6th7f70qxLDhul7KZK0zC8V5ZIyHl0/g=="
        }
      }
    },
    "@myanmartools/zawgyi-unicode-translit-rules": {
      "version": "1.1.3",
      "resolved": "https://registry.npmjs.org/@myanmartools/zawgyi-unicode-translit-rules/-/zawgyi-unicode-translit-rules-1.1.3.tgz",
      "integrity": "sha512-kNVvD+tpkFgqBv2H1yn/5kUMOVeKTN4fNWYfz/HgyomTv/UBUTwfOSMXpGa1OUTjysgPkhTwiJ105iW8/kccjA=="
    },
    "tslib": {
      "version": "2.0.0",
      "resolved": "https://registry.npmjs.org/tslib/-/tslib-2.0.0.tgz",
      "integrity": "sha512-lTqkx847PI7xEDYJntxZH89L2/aXInsyF2luSafe/+0fHOMjlBNXdH6th7f70qxLDhul7KZK0zC8V5ZIyHl0/g=="
    }
  }
}
