{
  "name": "wftnpkgi-3",
  "version": "0.0.0",
  "lockfileVersion": 1,
  "requires": true,
  "dependencies": {
    "@angular/core": {
      "version": "9.1.11",
      "resolved": "https://registry.npmjs.org/@angular/core/-/core-9.1.11.tgz",
      "integrity": "sha512-KAlEedBo761O1aeoTJVziOSHi8Fttk9ipvbDZXYT/o0W/KdVwubxP34g9t5aD8LCcF8+L0z4VLw++HjdJAUpwg=="
    },
    "@dagonmetric/ng-log": {
      "version": "2.2.4",
      "resolved": "https://registry.npmjs.org/@dagonmetric/ng-log/-/ng-log-2.2.4.tgz",
      "integrity": "sha512-Cs+91/rKsTkYIc8hF7K4RHaT42Ffmw4gzvbPl//+MEdIcm4/aP6cs8A+Hs2nqWZvBb34jS2TCFvbmWtKww8uCA==",
      "requires": {
        "tslib": "^1.10.0"
      }
    },
    "@dagonmetric/ng-log-facebook-analytics": {
      "version": "1.0.1",
      "resolved": "https://registry.npmjs.org/@dagonmetric/ng-log-facebook-analytics/-/ng-log-facebook-analytics-1.0.1.tgz",
      "integrity": "sha512-JwCmZBVgURFB1rM22pOqlfmSljW51mLc/oBm1XiwQbLuSBVnLFl0IQ+1nMGealwzgMw+FpNhq3HBukmyc38kpg==",
      "requires": {
        "tslib": "^1.10.0"
      }
    },
    "@dagonmetric/ng-log-firebase-analytics": {
      "version": "1.0.1",
      "resolved": "https://registry.npmjs.org/@dagonmetric/ng-log-firebase-analytics/-/ng-log-firebase-analytics-1.0.1.tgz",
      "integrity": "sha512-CfglKzQC70ihpBerCDgVhdbc7vicNP+lhJ2ygWx7kw/PbewFc4lAd2HcLMlSa1TGGk73orP1aPxYDbojkKqSew==",
      "requires": {
        "tslib": "^1.10.0"
      }
    },
    "@dagonmetric/ng-log-gtag": {
      "version": "2.2.3",
      "resolved": "https://registry.npmjs.org/@dagonmetric/ng-log-gtag/-/ng-log-gtag-2.2.3.tgz",
      "integrity": "sha512-ltNxhDNhXgEhEeL6Ea4CgCB03kEVWt8OJBzQMsBp2d/y+Ph3t/3C9G/4LCdLQPCat6KP9cuslRoWgTkY1SQgRw==",
      "requires": {
        "tslib": "^1.10.0"
      }
    },
    "@myanmartools/ng-zawgyi-detector": {
      "version": "1.2.1",
      "resolved": "https://registry.npmjs.org/@myanmartools/ng-zawgyi-detector/-/ng-zawgyi-detector-1.2.1.tgz",
      "integrity": "sha512-OoarBr2m9vVTXGJSXuL2kbSDHlUW8ghXfCtvAPP2ZDuRnwCOIiJracSgAOmHoys7/9B1Ui4clpPnw9LCpoRgkA==",
      "requires": {
        "tslib": "^1.10.0"
      }
    },
    "@myanmartools/zawgyi-unicode-translit-rules": {
      "version": "1.1.3",
      "resolved": "https://registry.npmjs.org/@myanmartools/zawgyi-unicode-translit-rules/-/zawgyi-unicode-translit-rules-1.1.3.tgz",
      "integrity": "sha512-kNVvD+tpkFgqBv2H1yn/5kUMOVeKTN4fNWYfz/HgyomTv/UBUTwfOSMXpGa1OUTjysgPkhTwiJ105iW8/kccjA=="
    },
    "tslib": {
      "version": "1.10.0",
      "resolved": "https://registry.npmjs.org/tslib/-/tslib-1.10.0.tgz",
      "integrity": "sha512-qOebF53frne81cf0S9B41ByenJ3/IuH8yJKngAX35CmiZySA0khhkovshKK+jGCaMnVomla7gVlIcc3EvKPbTQ=="
    }
  }
}
