{
  "name": "wftnpkgi-3",
  "version": "0.0.0",
  "lockfileVersion": 1,
  "requires": true,
  "dependencies": {
    "@angular/core": {
      "version": "8.2.10",
      "resolved": "https://registry.npmjs.org/@angular/core/-/core-8.2.10.tgz",
      "integrity": "sha512-nUd/xZWIb1DHbr8agjVTvk4XUN9yBGEGQWN5ja5wJbPasoZC2GfiBHcmhttGHkocyB674d3x+xR2MvMvzEUdvw==",
      "requires": {
        "tslib": "^1.9.0"
      }
    },
    "@myanmartools/ng-zawgyi-detector": {
      "version": "1.1.4",
      "resolved": "https://registry.npmjs.org/@myanmartools/ng-zawgyi-detector/-/ng-zawgyi-detector-1.1.4.tgz",
      "integrity": "sha512-PWzMmKP8oQDjbB1Zcsp2qNeTljv2SiQcuNNXIAVWzxC7rkVPv3bmuKNqrBVa4DlbFalXVf2fIdI4i6fwVLI54g==",
      "requires": {
        "tslib": "^1.10.0"
      }
    },
    "@myanmartools/zawgyi-unicode-translit-rules": {
      "version": "1.1.2",
      "resolved": "https://registry.npmjs.org/@myanmartools/zawgyi-unicode-translit-rules/-/zawgyi-unicode-translit-rules-1.1.2.tgz",
      "integrity": "sha512-aktAI5fPZ+isFD2C7SyiR987QAxHNl2dIufhhC5Z/8M6aeoEVcPqFRxjlSoeh2+JeglHLUwZ8q1+BbiVlJn8bA=="
    },
    "tslib": {
      "version": "1.10.0",
      "resolved": "https://registry.npmjs.org/tslib/-/tslib-1.10.0.tgz",
      "integrity": "sha512-qOebF53frne81cf0S9B41ByenJ3/IuH8yJKngAX35CmiZySA0khhkovshKK+jGCaMnVomla7gVlIcc3EvKPbTQ=="
    }
  }
}
